
Microsoft Visual Studio Solution File, Format Version 12.00
# Visual Studio 15
VisualStudioVersion = 15.0.27130.2026
MinimumVisualStudioVersion = 10.0.40219.1
Project("{FAE04EC0-301F-11D3-BF4B-00C04F79EFBC}") = "Typelize", "Typelize\Typelize.csproj", "{954FB61E-665C-4FF9-8649-E5FF15D585C6}"
EndProject
Project("{FAE04EC0-301F-11D3-BF4B-00C04F79EFBC}") = "Typelize.Sample", "Typelize.Sample\Typelize.Sample.csproj", "{91BB7DC8-92F6-4F1D-B84F-703B30869E77}"
EndProject
Global
	GlobalSection(SolutionConfigurationPlatforms) = preSolution
		Debug|Any CPU = Debug|Any CPU
		Release|Any CPU = Release|Any CPU
	EndGlobalSection
	GlobalSection(ProjectConfigurationPlatforms) = postSolution
		{954FB61E-665C-4FF9-8649-E5FF15D585C6}.Debug|Any CPU.ActiveCfg = Debug|Any CPU
		{954FB61E-665C-4FF9-8649-E5FF15D585C6}.Debug|Any CPU.Build.0 = Debug|Any CPU
		{954FB61E-665C-4FF9-8649-E5FF15D585C6}.Release|Any CPU.ActiveCfg = Release|Any CPU
		{954FB61E-665C-4FF9-8649-E5FF15D585C6}.Release|Any CPU.Build.0 = Release|Any CPU
		{91BB7DC8-92F6-4F1D-B84F-703B30869E77}.Debug|Any CPU.ActiveCfg = Debug|Any CPU
		{91BB7DC8-92F6-4F1D-B84F-703B30869E77}.Debug|Any CPU.Build.0 = Debug|Any CPU
		{91BB7DC8-92F6-4F1D-B84F-703B30869E77}.Release|Any CPU.ActiveCfg = Release|Any CPU
		{91BB7DC8-92F6-4F1D-B84F-703B30869E77}.Release|Any CPU.Build.0 = Release|Any CPU
	EndGlobalSection
	GlobalSection(SolutionProperties) = preSolution
		HideSolutionNode = FALSE
	EndGlobalSection
	GlobalSection(ExtensibilityGlobals) = postSolution
		SolutionGuid = {5DBBF54F-F015-44C7-A6FB-ED6B97CDB408}
	EndGlobalSection
EndGlobal
